
Microsoft Visual Studio Solution File, Format Version 12.00
# Visual Studio Version 17
VisualStudioVersion = 17.8.34525.116
MinimumVisualStudioVersion = 10.0.40219.1
Project("{9A19103F-16F7-4668-BE54-9A1E7A4F7556}") = "Task1", "Task1\Task1.csproj", "{468E8BCE-9F02-4E9F-8E66-3805451EA7CA}"
EndProject
Project("{9A19103F-16F7-4668-BE54-9A1E7A4F7556}") = "Task2", "..\Task2\Task2.csproj", "{07EB4184-6FD7-4B5E-922B-CFF9476BD14C}"
EndProject
Project("{FAE04EC0-301F-11D3-BF4B-00C04F79EFBC}") = "Task3", "..\Task3\Task3\Task3.csproj", "{157E3E16-C384-4162-B8A3-27C845D92C7F}"
EndProject
Global
	GlobalSection(SolutionConfigurationPlatforms) = preSolution
		Debug|Any CPU = Debug|Any CPU
		Release|Any CPU = Release|Any CPU
	EndGlobalSection
	GlobalSection(ProjectConfigurationPlatforms) = postSolution
		{468E8BCE-9F02-4E9F-8E66-3805451EA7CA}.Debug|Any CPU.ActiveCfg = Debug|Any CPU
		{468E8BCE-9F02-4E9F-8E66-3805451EA7CA}.Debug|Any CPU.Build.0 = Debug|Any CPU
		{468E8BCE-9F02-4E9F-8E66-3805451EA7CA}.Release|Any CPU.ActiveCfg = Release|Any CPU
		{468E8BCE-9F02-4E9F-8E66-3805451EA7CA}.Release|Any CPU.Build.0 = Release|Any CPU
		{07EB4184-6FD7-4B5E-922B-CFF9476BD14C}.Debug|Any CPU.ActiveCfg = Debug|Any CPU
		{07EB4184-6FD7-4B5E-922B-CFF9476BD14C}.Debug|Any CPU.Build.0 = Debug|Any CPU
		{07EB4184-6FD7-4B5E-922B-CFF9476BD14C}.Release|Any CPU.ActiveCfg = Release|Any CPU
		{07EB4184-6FD7-4B5E-922B-CFF9476BD14C}.Release|Any CPU.Build.0 = Release|Any CPU
		{157E3E16-C384-4162-B8A3-27C845D92C7F}.Debug|Any CPU.ActiveCfg = Debug|Any CPU
		{157E3E16-C384-4162-B8A3-27C845D92C7F}.Debug|Any CPU.Build.0 = Debug|Any CPU
		{157E3E16-C384-4162-B8A3-27C845D92C7F}.Release|Any CPU.ActiveCfg = Release|Any CPU
		{157E3E16-C384-4162-B8A3-27C845D92C7F}.Release|Any CPU.Build.0 = Release|Any CPU
	EndGlobalSection
	GlobalSection(SolutionProperties) = preSolution
		HideSolutionNode = FALSE
	EndGlobalSection
	GlobalSection(ExtensibilityGlobals) = postSolution
		SolutionGuid = {EE1E76C4-76B5-4437-8EF8-97D5E46A2335}
	EndGlobalSection
EndGlobal
