
Microsoft Visual Studio Solution File, Format Version 12.00
# Visual Studio Version 17
VisualStudioVersion = 17.8.34525.116
MinimumVisualStudioVersion = 10.0.40219.1
Project("{9A19103F-16F7-4668-BE54-9A1E7A4F7556}") = "Task1", "Task1\Task1.csproj", "{468E8BCE-9F02-4E9F-8E66-3805451EA7CA}"
EndProject
Project("{9A19103F-16F7-4668-BE54-9A1E7A4F7556}") = "Task2", "..\Task2\Task2.csproj", "{07EB4184-6FD7-4B5E-922B-CFF9476BD14C}"
EndProject
Project("{FAE04EC0-301F-11D3-BF4B-00C04F79EFBC}") = "Task3", "..\Task3\Task3\Task3.csproj", "{157E3E16-C384-4162-B8A3-27C845D92C7F}"
EndProject
Project("{FAE04EC0-301F-11D3-BF4B-00C04F79EFBC}") = "Task4", "..\Task4\Task4.csproj", "{766EC9B5-0898-4DE2-B44C-583485B6DCF4}"
EndProject
Project("{FAE04EC0-301F-11D3-BF4B-00C04F79EFBC}") = "Task5", "..\Task5\Task5.csproj", "{67E47134-FC7E-490D-B3D8-91C3530EA3BA}"
EndProject
Project("{FAE04EC0-301F-11D3-BF4B-00C04F79EFBC}") = "Task6", "..\Task6\Task6.csproj", "{7AD76A13-E233-4422-85EA-13869B0698DF}"
EndProject
Project("{FAE04EC0-301F-11D3-BF4B-00C04F79EFBC}") = "Task7", "..\Task7\Task7.csproj", "{E342E836-9424-47B7-920D-53AF914B1DD8}"
EndProject
Project("{FAE04EC0-301F-11D3-BF4B-00C04F79EFBC}") = "Task8", "..\Task8\Task8.csproj", "{99192278-CFE1-4EBE-AF16-49B37C9EA823}"
EndProject
Project("{FAE04EC0-301F-11D3-BF4B-00C04F79EFBC}") = "Task9", "..\Task9\Task9.csproj", "{92AE7973-F01A-4273-9DED-7A4D89212F58}"
EndProject
Project("{FAE04EC0-301F-11D3-BF4B-00C04F79EFBC}") = "Task10", "..\Task10\Task10.csproj", "{44D0B56C-33E9-4EAE-ABD4-FF682F5C4281}"
EndProject
Project("{FAE04EC0-301F-11D3-BF4B-00C04F79EFBC}") = "Task11", "..\Task11\Task11.csproj", "{B8D3B2C7-0EC5-48DC-91CD-8DEC09A68C02}"
EndProject
Project("{FAE04EC0-301F-11D3-BF4B-00C04F79EFBC}") = "Task12", "..\Task12\Task12.csproj", "{6F6FB3BF-FE85-43A2-8160-252F36C466DA}"
EndProject
Project("{FAE04EC0-301F-11D3-BF4B-00C04F79EFBC}") = "Task13", "..\Task13\Task13.csproj", "{D14DB51E-E3CE-41C9-BEF2-65C3F836C83F}"
EndProject
Project("{FAE04EC0-301F-11D3-BF4B-00C04F79EFBC}") = "Task14", "..\Task14\Task14.csproj", "{15252724-26FC-4480-B649-53BCB88E2140}"
EndProject
Project("{FAE04EC0-301F-11D3-BF4B-00C04F79EFBC}") = "Task15", "..\Task15\Task15.csproj", "{FB9C4F4E-F8B5-48C2-8568-9ECB5D1B2538}"
EndProject
Project("{FAE04EC0-301F-11D3-BF4B-00C04F79EFBC}") = "Task16", "..\Task16\Task16.csproj", "{60B137F1-3CAF-4974-A0CF-5D564EEF6273}"
EndProject
Project("{FAE04EC0-301F-11D3-BF4B-00C04F79EFBC}") = "Task17", "..\Task17\Task17.csproj", "{2292C8AF-44C1-43B3-A942-4437C0D96DBC}"
EndProject
Project("{FAE04EC0-301F-11D3-BF4B-00C04F79EFBC}") = "Task18", "..\Task18\Task18.csproj", "{1153750F-0AD5-4C79-BDEC-C84F8275F0B2}"
EndProject
Project("{FAE04EC0-301F-11D3-BF4B-00C04F79EFBC}") = "Task19", "..\Task19\Task19.csproj", "{D7007059-1F9E-48F6-8840-FE9CC6B60E28}"
EndProject
Project("{FAE04EC0-301F-11D3-BF4B-00C04F79EFBC}") = "Task20", "..\Task20\Task20.csproj", "{8C246531-CE61-4266-81A0-7FD4CE1B521F}"
EndProject
Global
	GlobalSection(SolutionConfigurationPlatforms) = preSolution
		Debug|Any CPU = Debug|Any CPU
		Release|Any CPU = Release|Any CPU
	EndGlobalSection
	GlobalSection(ProjectConfigurationPlatforms) = postSolution
		{468E8BCE-9F02-4E9F-8E66-3805451EA7CA}.Debug|Any CPU.ActiveCfg = Debug|Any CPU
		{468E8BCE-9F02-4E9F-8E66-3805451EA7CA}.Debug|Any CPU.Build.0 = Debug|Any CPU
		{468E8BCE-9F02-4E9F-8E66-3805451EA7CA}.Release|Any CPU.ActiveCfg = Release|Any CPU
		{468E8BCE-9F02-4E9F-8E66-3805451EA7CA}.Release|Any CPU.Build.0 = Release|Any CPU
		{07EB4184-6FD7-4B5E-922B-CFF9476BD14C}.Debug|Any CPU.ActiveCfg = Debug|Any CPU
		{07EB4184-6FD7-4B5E-922B-CFF9476BD14C}.Debug|Any CPU.Build.0 = Debug|Any CPU
		{07EB4184-6FD7-4B5E-922B-CFF9476BD14C}.Release|Any CPU.ActiveCfg = Release|Any CPU
		{07EB4184-6FD7-4B5E-922B-CFF9476BD14C}.Release|Any CPU.Build.0 = Release|Any CPU
		{157E3E16-C384-4162-B8A3-27C845D92C7F}.Debug|Any CPU.ActiveCfg = Debug|Any CPU
		{157E3E16-C384-4162-B8A3-27C845D92C7F}.Debug|Any CPU.Build.0 = Debug|Any CPU
		{157E3E16-C384-4162-B8A3-27C845D92C7F}.Release|Any CPU.ActiveCfg = Release|Any CPU
		{157E3E16-C384-4162-B8A3-27C845D92C7F}.Release|Any CPU.Build.0 = Release|Any CPU
		{766EC9B5-0898-4DE2-B44C-583485B6DCF4}.Debug|Any CPU.ActiveCfg = Debug|Any CPU
		{766EC9B5-0898-4DE2-B44C-583485B6DCF4}.Debug|Any CPU.Build.0 = Debug|Any CPU
		{766EC9B5-0898-4DE2-B44C-583485B6DCF4}.Release|Any CPU.ActiveCfg = Release|Any CPU
		{766EC9B5-0898-4DE2-B44C-583485B6DCF4}.Release|Any CPU.Build.0 = Release|Any CPU
		{67E47134-FC7E-490D-B3D8-91C3530EA3BA}.Debug|Any CPU.ActiveCfg = Debug|Any CPU
		{67E47134-FC7E-490D-B3D8-91C3530EA3BA}.Debug|Any CPU.Build.0 = Debug|Any CPU
		{67E47134-FC7E-490D-B3D8-91C3530EA3BA}.Release|Any CPU.ActiveCfg = Release|Any CPU
		{67E47134-FC7E-490D-B3D8-91C3530EA3BA}.Release|Any CPU.Build.0 = Release|Any CPU
		{7AD76A13-E233-4422-85EA-13869B0698DF}.Debug|Any CPU.ActiveCfg = Debug|Any CPU
		{7AD76A13-E233-4422-85EA-13869B0698DF}.Debug|Any CPU.Build.0 = Debug|Any CPU
		{7AD76A13-E233-4422-85EA-13869B0698DF}.Release|Any CPU.ActiveCfg = Release|Any CPU
		{7AD76A13-E233-4422-85EA-13869B0698DF}.Release|Any CPU.Build.0 = Release|Any CPU
		{E342E836-9424-47B7-920D-53AF914B1DD8}.Debug|Any CPU.ActiveCfg = Debug|Any CPU
		{E342E836-9424-47B7-920D-53AF914B1DD8}.Debug|Any CPU.Build.0 = Debug|Any CPU
		{E342E836-9424-47B7-920D-53AF914B1DD8}.Release|Any CPU.ActiveCfg = Release|Any CPU
		{E342E836-9424-47B7-920D-53AF914B1DD8}.Release|Any CPU.Build.0 = Release|Any CPU
		{99192278-CFE1-4EBE-AF16-49B37C9EA823}.Debug|Any CPU.ActiveCfg = Debug|Any CPU
		{99192278-CFE1-4EBE-AF16-49B37C9EA823}.Debug|Any CPU.Build.0 = Debug|Any CPU
		{99192278-CFE1-4EBE-AF16-49B37C9EA823}.Release|Any CPU.ActiveCfg = Release|Any CPU
		{99192278-CFE1-4EBE-AF16-49B37C9EA823}.Release|Any CPU.Build.0 = Release|Any CPU
		{92AE7973-F01A-4273-9DED-7A4D89212F58}.Debug|Any CPU.ActiveCfg = Debug|Any CPU
		{92AE7973-F01A-4273-9DED-7A4D89212F58}.Debug|Any CPU.Build.0 = Debug|Any CPU
		{92AE7973-F01A-4273-9DED-7A4D89212F58}.Release|Any CPU.ActiveCfg = Release|Any CPU
		{92AE7973-F01A-4273-9DED-7A4D89212F58}.Release|Any CPU.Build.0 = Release|Any CPU
		{44D0B56C-33E9-4EAE-ABD4-FF682F5C4281}.Debug|Any CPU.ActiveCfg = Debug|Any CPU
		{44D0B56C-33E9-4EAE-ABD4-FF682F5C4281}.Debug|Any CPU.Build.0 = Debug|Any CPU
		{44D0B56C-33E9-4EAE-ABD4-FF682F5C4281}.Release|Any CPU.ActiveCfg = Release|Any CPU
		{44D0B56C-33E9-4EAE-ABD4-FF682F5C4281}.Release|Any CPU.Build.0 = Release|Any CPU
		{B8D3B2C7-0EC5-48DC-91CD-8DEC09A68C02}.Debug|Any CPU.ActiveCfg = Debug|Any CPU
		{B8D3B2C7-0EC5-48DC-91CD-8DEC09A68C02}.Debug|Any CPU.Build.0 = Debug|Any CPU
		{B8D3B2C7-0EC5-48DC-91CD-8DEC09A68C02}.Release|Any CPU.ActiveCfg = Release|Any CPU
		{B8D3B2C7-0EC5-48DC-91CD-8DEC09A68C02}.Release|Any CPU.Build.0 = Release|Any CPU
		{6F6FB3BF-FE85-43A2-8160-252F36C466DA}.Debug|Any CPU.ActiveCfg = Debug|Any CPU
		{6F6FB3BF-FE85-43A2-8160-252F36C466DA}.Debug|Any CPU.Build.0 = Debug|Any CPU
		{6F6FB3BF-FE85-43A2-8160-252F36C466DA}.Release|Any CPU.ActiveCfg = Release|Any CPU
		{6F6FB3BF-FE85-43A2-8160-252F36C466DA}.Release|Any CPU.Build.0 = Release|Any CPU
		{D14DB51E-E3CE-41C9-BEF2-65C3F836C83F}.Debug|Any CPU.ActiveCfg = Debug|Any CPU
		{D14DB51E-E3CE-41C9-BEF2-65C3F836C83F}.Debug|Any CPU.Build.0 = Debug|Any CPU
		{D14DB51E-E3CE-41C9-BEF2-65C3F836C83F}.Release|Any CPU.ActiveCfg = Release|Any CPU
		{D14DB51E-E3CE-41C9-BEF2-65C3F836C83F}.Release|Any CPU.Build.0 = Release|Any CPU
		{15252724-26FC-4480-B649-53BCB88E2140}.Debug|Any CPU.ActiveCfg = Debug|Any CPU
		{15252724-26FC-4480-B649-53BCB88E2140}.Debug|Any CPU.Build.0 = Debug|Any CPU
		{15252724-26FC-4480-B649-53BCB88E2140}.Release|Any CPU.ActiveCfg = Release|Any CPU
		{15252724-26FC-4480-B649-53BCB88E2140}.Release|Any CPU.Build.0 = Release|Any CPU
		{FB9C4F4E-F8B5-48C2-8568-9ECB5D1B2538}.Debug|Any CPU.ActiveCfg = Debug|Any CPU
		{FB9C4F4E-F8B5-48C2-8568-9ECB5D1B2538}.Debug|Any CPU.Build.0 = Debug|Any CPU
		{FB9C4F4E-F8B5-48C2-8568-9ECB5D1B2538}.Release|Any CPU.ActiveCfg = Release|Any CPU
		{FB9C4F4E-F8B5-48C2-8568-9ECB5D1B2538}.Release|Any CPU.Build.0 = Release|Any CPU
		{60B137F1-3CAF-4974-A0CF-5D564EEF6273}.Debug|Any CPU.ActiveCfg = Debug|Any CPU
		{60B137F1-3CAF-4974-A0CF-5D564EEF6273}.Debug|Any CPU.Build.0 = Debug|Any CPU
		{60B137F1-3CAF-4974-A0CF-5D564EEF6273}.Release|Any CPU.ActiveCfg = Release|Any CPU
		{60B137F1-3CAF-4974-A0CF-5D564EEF6273}.Release|Any CPU.Build.0 = Release|Any CPU
		{2292C8AF-44C1-43B3-A942-4437C0D96DBC}.Debug|Any CPU.ActiveCfg = Debug|Any CPU
		{2292C8AF-44C1-43B3-A942-4437C0D96DBC}.Debug|Any CPU.Build.0 = Debug|Any CPU
		{2292C8AF-44C1-43B3-A942-4437C0D96DBC}.Release|Any CPU.ActiveCfg = Release|Any CPU
		{2292C8AF-44C1-43B3-A942-4437C0D96DBC}.Release|Any CPU.Build.0 = Release|Any CPU
		{1153750F-0AD5-4C79-BDEC-C84F8275F0B2}.Debug|Any CPU.ActiveCfg = Debug|Any CPU
		{1153750F-0AD5-4C79-BDEC-C84F8275F0B2}.Debug|Any CPU.Build.0 = Debug|Any CPU
		{1153750F-0AD5-4C79-BDEC-C84F8275F0B2}.Release|Any CPU.ActiveCfg = Release|Any CPU
		{1153750F-0AD5-4C79-BDEC-C84F8275F0B2}.Release|Any CPU.Build.0 = Release|Any CPU
		{D7007059-1F9E-48F6-8840-FE9CC6B60E28}.Debug|Any CPU.ActiveCfg = Debug|Any CPU
		{D7007059-1F9E-48F6-8840-FE9CC6B60E28}.Debug|Any CPU.Build.0 = Debug|Any CPU
		{D7007059-1F9E-48F6-8840-FE9CC6B60E28}.Release|Any CPU.ActiveCfg = Release|Any CPU
		{D7007059-1F9E-48F6-8840-FE9CC6B60E28}.Release|Any CPU.Build.0 = Release|Any CPU
		{8C246531-CE61-4266-81A0-7FD4CE1B521F}.Debug|Any CPU.ActiveCfg = Debug|Any CPU
		{8C246531-CE61-4266-81A0-7FD4CE1B521F}.Debug|Any CPU.Build.0 = Debug|Any CPU
		{8C246531-CE61-4266-81A0-7FD4CE1B521F}.Release|Any CPU.ActiveCfg = Release|Any CPU
		{8C246531-CE61-4266-81A0-7FD4CE1B521F}.Release|Any CPU.Build.0 = Release|Any CPU
	EndGlobalSection
	GlobalSection(SolutionProperties) = preSolution
		HideSolutionNode = FALSE
	EndGlobalSection
	GlobalSection(ExtensibilityGlobals) = postSolution
		SolutionGuid = {EE1E76C4-76B5-4437-8EF8-97D5E46A2335}
	EndGlobalSection
EndGlobal
