
Microsoft Visual Studio Solution File, Format Version 12.00
# Visual Studio Version 17
VisualStudioVersion = 17.8.34525.116
MinimumVisualStudioVersion = 10.0.40219.1
Project("{FAE04EC0-301F-11D3-BF4B-00C04F79EFBC}") = "Task1", "Task1\Task1.csproj", "{C466B239-7C50-4F3E-A2C2-0CA8EA5488FF}"
EndProject
Global
	GlobalSection(SolutionConfigurationPlatforms) = preSolution
		Debug|Any CPU = Debug|Any CPU
		Release|Any CPU = Release|Any CPU
	EndGlobalSection
	GlobalSection(ProjectConfigurationPlatforms) = postSolution
		{C466B239-7C50-4F3E-A2C2-0CA8EA5488FF}.Debug|Any CPU.ActiveCfg = Debug|Any CPU
		{C466B239-7C50-4F3E-A2C2-0CA8EA5488FF}.Debug|Any CPU.Build.0 = Debug|Any CPU
		{C466B239-7C50-4F3E-A2C2-0CA8EA5488FF}.Release|Any CPU.ActiveCfg = Release|Any CPU
		{C466B239-7C50-4F3E-A2C2-0CA8EA5488FF}.Release|Any CPU.Build.0 = Release|Any CPU
	EndGlobalSection
	GlobalSection(SolutionProperties) = preSolution
		HideSolutionNode = FALSE
	EndGlobalSection
	GlobalSection(ExtensibilityGlobals) = postSolution
		SolutionGuid = {6F5D1334-A5C0-4833-841D-E467E126CCF4}
	EndGlobalSection
EndGlobal
